<?xml version="1.0" encoding="utf-8"?>
<Project ToolsVersion="4.0" xmlns="http://schemas.microsoft.com/developer/msbuild/2003">
  <ItemGroup>
    <Filter Include="Source Files">
      <UniqueIdentifier>{4FC737F1-C7A5-4376-A066-2A32D752A2FF}</UniqueIdentifier>
      <Extensions>cpp;c;cc;cxx;c++;cppm;ixx;def;odl;idl;hpj;bat;asm;asmx</Extensions>
    </Filter>
    <Filter Include="Header Files">
      <UniqueIdentifier>{93995380-89BD-4b04-88EB-625FBE52EBFB}</UniqueIdentifier>
      <Extensions>h;hh;hpp;hxx;h++;hm;inl;inc;ipp;xsd</Extensions>
    </Filter>
    <Filter Include="Resource Files">
      <UniqueIdentifier>{67DA6AB6-F800-4c08-8B7A-83BB121AAD01}</UniqueIdentifier>
      <Extensions>rc;ico;cur;bmp;dlg;rc2;rct;bin;rgs;gif;jpg;jpeg;jpe;resx;tiff;tif;png;wav;mfcribbon-ms</Extensions>
    </Filter>
    <Filter Include="Source Files\components">
      <UniqueIdentifier>{6e30c8e0-7764-433e-9f92-7f2e6eff28ff}</UniqueIdentifier>
    </Filter>
    <Filter Include="Header Files\figures">
      <UniqueIdentifier>{f3f38615-47d3-4a8f-be9a-bffcc22ef9f3}</UniqueIdentifier>
    </Filter>
    <Filter Include="Source Files\components\figures">
      <UniqueIdentifier>{60b82eee-7b17-444b-8931-e7d91e6a3c63}</UniqueIdentifier>
    </Filter>
    <Filter Include="Header Files\components">
      <UniqueIdentifier>{39c3d17c-0494-46a2-9870-3b0805070e66}</UniqueIdentifier>
    </Filter>
  </ItemGroup>
  <ItemGroup>
    <ClCompile Include="Main.cpp">
      <Filter>Source Files</Filter>
    </ClCompile>
    <ClCompile Include="Board.cpp">
      <Filter>Source Files\components</Filter>
    </ClCompile>
    <ClCompile Include="Entity.cpp">
      <Filter>Source Files\components</Filter>
    </ClCompile>
    <ClCompile Include="Cursor.cpp">
      <Filter>Source Files\components</Filter>
    </ClCompile>
    <ClCompile Include="BoardElement.cpp">
      <Filter>Source Files\components</Filter>
    </ClCompile>
    <ClCompile Include="Pawn.cpp">
      <Filter>Source Files\components\figures</Filter>
    </ClCompile>
    <ClCompile Include="Game.cpp">
      <Filter>Source Files</Filter>
    </ClCompile>
    <ClCompile Include="Tower.cpp">
      <Filter>Source Files\components\figures</Filter>
    </ClCompile>
    <ClCompile Include="Knight.cpp">
      <Filter>Source Files\components\figures</Filter>
    </ClCompile>
    <ClCompile Include="Bishop.cpp">
      <Filter>Source Files\components\figures</Filter>
    </ClCompile>
    <ClCompile Include="Queen.cpp">
      <Filter>Source Files\components\figures</Filter>
    </ClCompile>
    <ClCompile Include="King.cpp">
      <Filter>Source Files\components\figures</Filter>
    </ClCompile>
  </ItemGroup>
  <ItemGroup>
    <ClInclude Include="Pawn.h">
      <Filter>Header Files\figures</Filter>
    </ClInclude>
    <ClInclude Include="Board.h">
      <Filter>Header Files\components</Filter>
    </ClInclude>
    <ClInclude Include="BoardElement.h">
      <Filter>Header Files\components</Filter>
    </ClInclude>
    <ClInclude Include="Cursor.h">
      <Filter>Header Files\components</Filter>
    </ClInclude>
    <ClInclude Include="Entity.h">
      <Filter>Header Files\components</Filter>
    </ClInclude>
    <ClInclude Include="Game.h">
      <Filter>Header Files</Filter>
    </ClInclude>
    <ClInclude Include="Tower.h">
      <Filter>Header Files\figures</Filter>
    </ClInclude>
    <ClInclude Include="Knight.h">
      <Filter>Header Files\figures</Filter>
    </ClInclude>
    <ClInclude Include="Bishop.h">
      <Filter>Header Files\figures</Filter>
    </ClInclude>
    <ClInclude Include="Queen.h">
      <Filter>Header Files\figures</Filter>
    </ClInclude>
    <ClInclude Include="King.h">
      <Filter>Header Files\figures</Filter>
    </ClInclude>
    <ClInclude Include="Consts.h">
      <Filter>Header Files</Filter>
    </ClInclude>
  </ItemGroup>
  <ItemGroup>
    <None Include="ClassDiagram.cd" />
  </ItemGroup>
</Project>